
Microsoft Visual Studio Solution File, Format Version 12.00
# Visual Studio Version 17
VisualStudioVersion = 17.3.32929.385
MinimumVisualStudioVersion = 10.0.40219.1
Project("{FAE04EC0-301F-11D3-BF4B-00C04F79EFBC}") = "Car Rental Service", "Car Rental Service\Car Rental Service.csproj", "{A36BFE05-40EA-4CE6-822F-7BE9937BE252}"
EndProject
Global
	GlobalSection(SolutionConfigurationPlatforms) = preSolution
		Debug|Any CPU = Debug|Any CPU
		Release|Any CPU = Release|Any CPU
	EndGlobalSection
	GlobalSection(ProjectConfigurationPlatforms) = postSolution
		{A36BFE05-40EA-4CE6-822F-7BE9937BE252}.Debug|Any CPU.ActiveCfg = Debug|Any CPU
		{A36BFE05-40EA-4CE6-822F-7BE9937BE252}.Debug|Any CPU.Build.0 = Debug|Any CPU
		{A36BFE05-40EA-4CE6-822F-7BE9937BE252}.Release|Any CPU.ActiveCfg = Release|Any CPU
		{A36BFE05-40EA-4CE6-822F-7BE9937BE252}.Release|Any CPU.Build.0 = Release|Any CPU
	EndGlobalSection
	GlobalSection(SolutionProperties) = preSolution
		HideSolutionNode = FALSE
	EndGlobalSection
	GlobalSection(ExtensibilityGlobals) = postSolution
		SolutionGuid = {8F5655EC-6A9B-44BF-9A9D-DA7821729F9B}
	EndGlobalSection
EndGlobal
